
Microsoft Visual Studio Solution File, Format Version 12.00
# Visual Studio Version 17
VisualStudioVersion = 17.9.34728.123
MinimumVisualStudioVersion = 10.0.40219.1
Project("{9A19103F-16F7-4668-BE54-9A1E7A4F7556}") = "DevSecOps.Utilities.WebApi", "DevSecOps.Utilities.WebApi\DevSecOps.Utilities.WebApi.csproj", "{1572D52B-8424-4416-BDEA-5AFBED55AB79}"
EndProject
Project("{9A19103F-16F7-4668-BE54-9A1E7A4F7556}") = "DevSecOps.Utilities.Infra", "DevSecOps.Utilities.Infra\DevSecOps.Utilities.Infra.csproj", "{3B217DA4-A17C-4582-B09E-6F739E71B270}"
EndProject
Project("{9A19103F-16F7-4668-BE54-9A1E7A4F7556}") = "DevSecOps.Utilities.SyncAzDevOpsDefectDojo", "DevSecOps.Utilities.SyncAzDevOpsDefectDojo\DevSecOps.Utilities.SyncAzDevOpsDefectDojo.csproj", "{5668070F-E169-4717-AC9D-E25297AEF955}"
EndProject
Project("{9A19103F-16F7-4668-BE54-9A1E7A4F7556}") = "DevSecOps.Utilities.RunAllProjects", "DevSecOps.Utilities.RunAllProjects\DevSecOps.Utilities.RunAllProjects.csproj", "{16492196-280D-442A-902C-11CF85118BF3}"
EndProject
Project("{2150E333-8FDC-42A3-9474-1A3956D46DE8}") = "Itens de Solução", "Itens de Solução", "{C9C68C3D-935B-445A-A309-8D44E33F99E9}"
	ProjectSection(SolutionItems) = preProject
		compose.yaml = compose.yaml
	EndProjectSection
EndProject
Global
	GlobalSection(SolutionConfigurationPlatforms) = preSolution
		Debug|Any CPU = Debug|Any CPU
		Debug|x64 = Debug|x64
		Debug|x86 = Debug|x86
		Release|Any CPU = Release|Any CPU
		Release|x64 = Release|x64
		Release|x86 = Release|x86
	EndGlobalSection
	GlobalSection(ProjectConfigurationPlatforms) = postSolution
		{1572D52B-8424-4416-BDEA-5AFBED55AB79}.Debug|Any CPU.ActiveCfg = Debug|Any CPU
		{1572D52B-8424-4416-BDEA-5AFBED55AB79}.Debug|Any CPU.Build.0 = Debug|Any CPU
		{1572D52B-8424-4416-BDEA-5AFBED55AB79}.Debug|x64.ActiveCfg = Debug|Any CPU
		{1572D52B-8424-4416-BDEA-5AFBED55AB79}.Debug|x64.Build.0 = Debug|Any CPU
		{1572D52B-8424-4416-BDEA-5AFBED55AB79}.Debug|x86.ActiveCfg = Debug|Any CPU
		{1572D52B-8424-4416-BDEA-5AFBED55AB79}.Debug|x86.Build.0 = Debug|Any CPU
		{1572D52B-8424-4416-BDEA-5AFBED55AB79}.Release|Any CPU.ActiveCfg = Release|Any CPU
		{1572D52B-8424-4416-BDEA-5AFBED55AB79}.Release|Any CPU.Build.0 = Release|Any CPU
		{1572D52B-8424-4416-BDEA-5AFBED55AB79}.Release|x64.ActiveCfg = Release|Any CPU
		{1572D52B-8424-4416-BDEA-5AFBED55AB79}.Release|x64.Build.0 = Release|Any CPU
		{1572D52B-8424-4416-BDEA-5AFBED55AB79}.Release|x86.ActiveCfg = Release|Any CPU
		{1572D52B-8424-4416-BDEA-5AFBED55AB79}.Release|x86.Build.0 = Release|Any CPU
		{3B217DA4-A17C-4582-B09E-6F739E71B270}.Debug|Any CPU.ActiveCfg = Debug|Any CPU
		{3B217DA4-A17C-4582-B09E-6F739E71B270}.Debug|Any CPU.Build.0 = Debug|Any CPU
		{3B217DA4-A17C-4582-B09E-6F739E71B270}.Debug|x64.ActiveCfg = Debug|Any CPU
		{3B217DA4-A17C-4582-B09E-6F739E71B270}.Debug|x64.Build.0 = Debug|Any CPU
		{3B217DA4-A17C-4582-B09E-6F739E71B270}.Debug|x86.ActiveCfg = Debug|Any CPU
		{3B217DA4-A17C-4582-B09E-6F739E71B270}.Debug|x86.Build.0 = Debug|Any CPU
		{3B217DA4-A17C-4582-B09E-6F739E71B270}.Release|Any CPU.ActiveCfg = Release|Any CPU
		{3B217DA4-A17C-4582-B09E-6F739E71B270}.Release|Any CPU.Build.0 = Release|Any CPU
		{3B217DA4-A17C-4582-B09E-6F739E71B270}.Release|x64.ActiveCfg = Release|Any CPU
		{3B217DA4-A17C-4582-B09E-6F739E71B270}.Release|x64.Build.0 = Release|Any CPU
		{3B217DA4-A17C-4582-B09E-6F739E71B270}.Release|x86.ActiveCfg = Release|Any CPU
		{3B217DA4-A17C-4582-B09E-6F739E71B270}.Release|x86.Build.0 = Release|Any CPU
		{5668070F-E169-4717-AC9D-E25297AEF955}.Debug|Any CPU.ActiveCfg = Debug|Any CPU
		{5668070F-E169-4717-AC9D-E25297AEF955}.Debug|Any CPU.Build.0 = Debug|Any CPU
		{5668070F-E169-4717-AC9D-E25297AEF955}.Debug|x64.ActiveCfg = Debug|Any CPU
		{5668070F-E169-4717-AC9D-E25297AEF955}.Debug|x64.Build.0 = Debug|Any CPU
		{5668070F-E169-4717-AC9D-E25297AEF955}.Debug|x86.ActiveCfg = Debug|Any CPU
		{5668070F-E169-4717-AC9D-E25297AEF955}.Debug|x86.Build.0 = Debug|Any CPU
		{5668070F-E169-4717-AC9D-E25297AEF955}.Release|Any CPU.ActiveCfg = Release|Any CPU
		{5668070F-E169-4717-AC9D-E25297AEF955}.Release|Any CPU.Build.0 = Release|Any CPU
		{5668070F-E169-4717-AC9D-E25297AEF955}.Release|x64.ActiveCfg = Release|Any CPU
		{5668070F-E169-4717-AC9D-E25297AEF955}.Release|x64.Build.0 = Release|Any CPU
		{5668070F-E169-4717-AC9D-E25297AEF955}.Release|x86.ActiveCfg = Release|Any CPU
		{5668070F-E169-4717-AC9D-E25297AEF955}.Release|x86.Build.0 = Release|Any CPU
		{16492196-280D-442A-902C-11CF85118BF3}.Debug|Any CPU.ActiveCfg = Debug|Any CPU
		{16492196-280D-442A-902C-11CF85118BF3}.Debug|Any CPU.Build.0 = Debug|Any CPU
		{16492196-280D-442A-902C-11CF85118BF3}.Debug|x64.ActiveCfg = Debug|Any CPU
		{16492196-280D-442A-902C-11CF85118BF3}.Debug|x64.Build.0 = Debug|Any CPU
		{16492196-280D-442A-902C-11CF85118BF3}.Debug|x86.ActiveCfg = Debug|Any CPU
		{16492196-280D-442A-902C-11CF85118BF3}.Debug|x86.Build.0 = Debug|Any CPU
		{16492196-280D-442A-902C-11CF85118BF3}.Release|Any CPU.ActiveCfg = Release|Any CPU
		{16492196-280D-442A-902C-11CF85118BF3}.Release|Any CPU.Build.0 = Release|Any CPU
		{16492196-280D-442A-902C-11CF85118BF3}.Release|x64.ActiveCfg = Release|Any CPU
		{16492196-280D-442A-902C-11CF85118BF3}.Release|x64.Build.0 = Release|Any CPU
		{16492196-280D-442A-902C-11CF85118BF3}.Release|x86.ActiveCfg = Release|Any CPU
		{16492196-280D-442A-902C-11CF85118BF3}.Release|x86.Build.0 = Release|Any CPU
	EndGlobalSection
	GlobalSection(SolutionProperties) = preSolution
		HideSolutionNode = FALSE
	EndGlobalSection
	GlobalSection(ExtensibilityGlobals) = postSolution
		SolutionGuid = {9C1DB70A-6814-4853-AD94-F8105D2EFD1C}
	EndGlobalSection
EndGlobal
